<?xml version="1.0" encoding="utf-8"?>
<Project ToolsVersion="4.0" xmlns="http://schemas.microsoft.com/developer/msbuild/2003">
  <ItemGroup>
    <ClCompile Include="Fenix.cpp" />
    <ClCompile Include="Mag.cpp" />
    <ClCompile Include="Platform1.cpp" />
    <ClCompile Include="Platform2.cpp" />
    <ClCompile Include="Seta.cpp" />
    <ClCompile Include="Game.cpp" />
    <ClCompile Include="Hud.cpp" />
    <ClCompile Include="main.cpp" />
    <ClCompile Include="Player.cpp" />
    <ClCompile Include="Scene.cpp" />
    <ClCompile Include="Shader.cpp" />
    <ClCompile Include="ShaderProgram.cpp" />
    <ClCompile Include="Sprite.cpp" />
    <ClCompile Include="Texture.cpp" />
    <ClCompile Include="TileMap.cpp" />
    <ClCompile Include="Collectible.cpp" />
    <ClCompile Include="LittleHeart.cpp" />
    <ClCompile Include="BigHeart.cpp" />
    <ClCompile Include="Calabaza.cpp" />
    <ClCompile Include="Lampara.cpp" />
    <ClCompile Include="Capa.cpp" />
  </ItemGroup>
  <ItemGroup>
    <ClInclude Include="AnimKeyframes.h" />
    <ClInclude Include="Fenix.h" />
    <ClInclude Include="Mag.h" />
    <ClInclude Include="Platform1.h" />
    <ClInclude Include="Platform2.h" />
    <ClInclude Include="Seta.h" />
    <ClInclude Include="Game.h" />
    <ClInclude Include="Hud.h" />
    <ClInclude Include="Player.h" />
    <ClInclude Include="Scene.h" />
    <ClInclude Include="Shader.h" />
    <ClInclude Include="ShaderProgram.h" />
    <ClInclude Include="Sprite.h" />
    <ClInclude Include="Texture.h" />
    <ClInclude Include="TileMap.h" />
    <ClInclude Include="Collectible.h" />
    <ClInclude Include="LittleHeart.h" />
    <ClInclude Include="BigHeart.h" />
    <ClInclude Include="Calabaza.h" />
    <ClInclude Include="Lampara.h" />
    <ClInclude Include="Capa.h" />
  </ItemGroup>
</Project>